
Microsoft Visual Studio Solution File, Format Version 12.00
# Visual Studio Version 16
VisualStudioVersion = 16.0.30804.86
MinimumVisualStudioVersion = 10.0.40219.1
Project("{FAE04EC0-301F-11D3-BF4B-00C04F79EFBC}") = "app8", "app8.csproj", "{FA184506-E337-4FEE-AD8D-A7AB51B68FBE}"
EndProject
Project("{FAE04EC0-301F-11D3-BF4B-00C04F79EFBC}") = "app4", "..\..\Aula 04\app4\app4.csproj", "{3867911D-A0A9-481B-B8B0-C70025840C09}"
EndProject
Global
	GlobalSection(SolutionConfigurationPlatforms) = preSolution
		Debug|Any CPU = Debug|Any CPU
		Release|Any CPU = Release|Any CPU
	EndGlobalSection
	GlobalSection(ProjectConfigurationPlatforms) = postSolution
		{FA184506-E337-4FEE-AD8D-A7AB51B68FBE}.Debug|Any CPU.ActiveCfg = Debug|Any CPU
		{FA184506-E337-4FEE-AD8D-A7AB51B68FBE}.Debug|Any CPU.Build.0 = Debug|Any CPU
		{FA184506-E337-4FEE-AD8D-A7AB51B68FBE}.Release|Any CPU.ActiveCfg = Release|Any CPU
		{FA184506-E337-4FEE-AD8D-A7AB51B68FBE}.Release|Any CPU.Build.0 = Release|Any CPU
		{3867911D-A0A9-481B-B8B0-C70025840C09}.Debug|Any CPU.ActiveCfg = Debug|Any CPU
		{3867911D-A0A9-481B-B8B0-C70025840C09}.Debug|Any CPU.Build.0 = Debug|Any CPU
		{3867911D-A0A9-481B-B8B0-C70025840C09}.Release|Any CPU.ActiveCfg = Release|Any CPU
		{3867911D-A0A9-481B-B8B0-C70025840C09}.Release|Any CPU.Build.0 = Release|Any CPU
	EndGlobalSection
	GlobalSection(SolutionProperties) = preSolution
		HideSolutionNode = FALSE
	EndGlobalSection
	GlobalSection(ExtensibilityGlobals) = postSolution
		SolutionGuid = {1BEC4CB5-E86A-4CBF-8505-4836B8A22722}
	EndGlobalSection
EndGlobal
